// !$*UTF8*$!
{
	archiveVersion = 1;
	classes = {
	};
	objectVersion = 56;
	objects = {

/* Begin PBXBuildFile section */
		620CA4F62B5810E700D31CE6 /* animals.xcdatamodeld in Sources */ = {isa = PBXBuildFile; fileRef = 620CA4F42B5810E700D31CE6 /* animals.xcdatamodeld */; };
		62390CD32B5EB3D300E1DA3C /* PhotosPreviewViewModel.swift in Sources */ = {isa = PBXBuildFile; fileRef = 62390CD22B5EB3D300E1DA3C /* PhotosPreviewViewModel.swift */; };
		62390CDC2B5EBDBE00E1DA3C /* PhotoPreviewCoordinator.swift in Sources */ = {isa = PBXBuildFile; fileRef = 62390CDB2B5EBDBE00E1DA3C /* PhotoPreviewCoordinator.swift */; };
		624453EC2B5BAE0C0084F067 /* BaseViewController.swift in Sources */ = {isa = PBXBuildFile; fileRef = 624453EB2B5BAE0C0084F067 /* BaseViewController.swift */; };
		624453EF2B5BAEED0084F067 /* NoInternetViewController.swift in Sources */ = {isa = PBXBuildFile; fileRef = 624453ED2B5BAEED0084F067 /* NoInternetViewController.swift */; };
		624453F02B5BAEED0084F067 /* NoInternetViewController.xib in Resources */ = {isa = PBXBuildFile; fileRef = 624453EE2B5BAEED0084F067 /* NoInternetViewController.xib */; };
		624453F42B5BC5970084F067 /* FavoriteAnimalDataModel.swift in Sources */ = {isa = PBXBuildFile; fileRef = 624453F32B5BC5970084F067 /* FavoriteAnimalDataModel.swift */; };
		624453F62B5BEDD10084F067 /* FavoriteAnimalCoreDataClass.swift in Sources */ = {isa = PBXBuildFile; fileRef = 624453F52B5BEDD10084F067 /* FavoriteAnimalCoreDataClass.swift */; };
		625EE5B82B58094A00D0BE3C /* CharacteristicAnimalView.swift in Sources */ = {isa = PBXBuildFile; fileRef = 625EE5B72B58094A00D0BE3C /* CharacteristicAnimalView.swift */; };
		625EE5BA2B58095800D0BE3C /* CharacteristicAnimalView.xib in Resources */ = {isa = PBXBuildFile; fileRef = 625EE5B92B58095800D0BE3C /* CharacteristicAnimalView.xib */; };
		628112252B569F2800BBECC4 /* AppDelegate.swift in Sources */ = {isa = PBXBuildFile; fileRef = 628112242B569F2800BBECC4 /* AppDelegate.swift */; };
		6281122E2B569F2A00BBECC4 /* Assets.xcassets in Resources */ = {isa = PBXBuildFile; fileRef = 6281122D2B569F2A00BBECC4 /* Assets.xcassets */; };
		628112312B569F2A00BBECC4 /* LaunchScreen.storyboard in Resources */ = {isa = PBXBuildFile; fileRef = 6281122F2B569F2A00BBECC4 /* LaunchScreen.storyboard */; };
		6281123B2B56A4C500BBECC4 /* AnimalDiscoveryCoordinator.swift in Sources */ = {isa = PBXBuildFile; fileRef = 6281123A2B56A4C500BBECC4 /* AnimalDiscoveryCoordinator.swift */; };
		6281124E2B56A52D00BBECC4 /* Roboto-LightItalic.ttf in Resources */ = {isa = PBXBuildFile; fileRef = 628112422B56A52D00BBECC4 /* Roboto-LightItalic.ttf */; };
		6281124F2B56A52D00BBECC4 /* Roboto-Bold.ttf in Resources */ = {isa = PBXBuildFile; fileRef = 628112432B56A52D00BBECC4 /* Roboto-Bold.ttf */; };
		628112502B56A52D00BBECC4 /* Roboto-BlackItalic.ttf in Resources */ = {isa = PBXBuildFile; fileRef = 628112442B56A52D00BBECC4 /* Roboto-BlackItalic.ttf */; };
		628112512B56A52D00BBECC4 /* Roboto-Medium.ttf in Resources */ = {isa = PBXBuildFile; fileRef = 628112452B56A52D00BBECC4 /* Roboto-Medium.ttf */; };
		628112522B56A52D00BBECC4 /* Roboto-BoldItalic.ttf in Resources */ = {isa = PBXBuildFile; fileRef = 628112462B56A52D00BBECC4 /* Roboto-BoldItalic.ttf */; };
		628112532B56A52D00BBECC4 /* Roboto-ThinItalic.ttf in Resources */ = {isa = PBXBuildFile; fileRef = 628112472B56A52D00BBECC4 /* Roboto-ThinItalic.ttf */; };
		628112542B56A52D00BBECC4 /* Roboto-MediumItalic.ttf in Resources */ = {isa = PBXBuildFile; fileRef = 628112482B56A52D00BBECC4 /* Roboto-MediumItalic.ttf */; };
		628112552B56A52D00BBECC4 /* Roboto-Italic.ttf in Resources */ = {isa = PBXBuildFile; fileRef = 628112492B56A52D00BBECC4 /* Roboto-Italic.ttf */; };
		628112562B56A52D00BBECC4 /* Roboto-Light.ttf in Resources */ = {isa = PBXBuildFile; fileRef = 6281124A2B56A52D00BBECC4 /* Roboto-Light.ttf */; };
		628112572B56A52D00BBECC4 /* Roboto-Black.ttf in Resources */ = {isa = PBXBuildFile; fileRef = 6281124B2B56A52D00BBECC4 /* Roboto-Black.ttf */; };
		628112582B56A52D00BBECC4 /* Roboto-Regular.ttf in Resources */ = {isa = PBXBuildFile; fileRef = 6281124C2B56A52D00BBECC4 /* Roboto-Regular.ttf */; };
		628112592B56A52D00BBECC4 /* Roboto-Thin.ttf in Resources */ = {isa = PBXBuildFile; fileRef = 6281124D2B56A52D00BBECC4 /* Roboto-Thin.ttf */; };
		6281125B2B56A8D400BBECC4 /* Constant.swift in Sources */ = {isa = PBXBuildFile; fileRef = 6281125A2B56A8D400BBECC4 /* Constant.swift */; };
		6281125D2B56AA8F00BBECC4 /* HttpClient.swift in Sources */ = {isa = PBXBuildFile; fileRef = 6281125C2B56AA8F00BBECC4 /* HttpClient.swift */; };
		628FC8732B56FE39002584AE /* HomeDiscoveryViewModels.swift in Sources */ = {isa = PBXBuildFile; fileRef = 628FC8722B56FE39002584AE /* HomeDiscoveryViewModels.swift */; };
		628FC8792B57145D002584AE /* AnimalDetailsViewController.swift in Sources */ = {isa = PBXBuildFile; fileRef = 628FC8772B57145D002584AE /* AnimalDetailsViewController.swift */; };
		628FC87A2B57145D002584AE /* AnimalDetailsViewController.xib in Resources */ = {isa = PBXBuildFile; fileRef = 628FC8782B57145D002584AE /* AnimalDetailsViewController.xib */; };
		62C51F202B58CE710022D7B9 /* ImagePhotoGalleryCell.swift in Sources */ = {isa = PBXBuildFile; fileRef = 62C51F1E2B58CE710022D7B9 /* ImagePhotoGalleryCell.swift */; };
		62C51F212B58CE710022D7B9 /* ImagePhotoGalleryCell.xib in Resources */ = {isa = PBXBuildFile; fileRef = 62C51F1F2B58CE710022D7B9 /* ImagePhotoGalleryCell.xib */; };
		62E9DFB32B56B69900F6F83A /* Object+Ext.swift in Sources */ = {isa = PBXBuildFile; fileRef = 62E9DFB22B56B69900F6F83A /* Object+Ext.swift */; };
		62E9DFB52B56B6BF00F6F83A /* AnimalDiscoveryRepository.swift in Sources */ = {isa = PBXBuildFile; fileRef = 62E9DFB42B56B6BF00F6F83A /* AnimalDiscoveryRepository.swift */; };
		62E9DFB72B56B9AE00F6F83A /* AnimalDetailModels.swift in Sources */ = {isa = PBXBuildFile; fileRef = 62E9DFB62B56B9AE00F6F83A /* AnimalDetailModels.swift */; };
		62E9DFB92B56C1EF00F6F83A /* AnimalPhotosModels.swift in Sources */ = {isa = PBXBuildFile; fileRef = 62E9DFB82B56C1EF00F6F83A /* AnimalPhotosModels.swift */; };
		62E9DFBC2B56C8E000F6F83A /* HomeDiscoveryViewController.swift in Sources */ = {isa = PBXBuildFile; fileRef = 62E9DFBA2B56C8E000F6F83A /* HomeDiscoveryViewController.swift */; };
		62E9DFBD2B56C8E000F6F83A /* HomeDiscoveryViewController.xib in Resources */ = {isa = PBXBuildFile; fileRef = 62E9DFBB2B56C8E000F6F83A /* HomeDiscoveryViewController.xib */; };
		62E9DFC32B56D46C00F6F83A /* AnimalImageCollectionViewCell.swift in Sources */ = {isa = PBXBuildFile; fileRef = 62E9DFC12B56D46C00F6F83A /* AnimalImageCollectionViewCell.swift */; };
		62E9DFC42B56D46C00F6F83A /* AnimalImageCollectionViewCell.xib in Resources */ = {isa = PBXBuildFile; fileRef = 62E9DFC22B56D46C00F6F83A /* AnimalImageCollectionViewCell.xib */; };
		62E9DFC62B56D76F00F6F83A /* UIKit+Ext.swift in Sources */ = {isa = PBXBuildFile; fileRef = 62E9DFC52B56D76F00F6F83A /* UIKit+Ext.swift */; };
		62E9DFCA2B56F4BA00F6F83A /* FavoriteAnimalView.swift in Sources */ = {isa = PBXBuildFile; fileRef = 62E9DFC92B56F4BA00F6F83A /* FavoriteAnimalView.swift */; };
		62E9DFCC2B56F4C200F6F83A /* FavoriteAnimalView.xib in Resources */ = {isa = PBXBuildFile; fileRef = 62E9DFCB2B56F4C200F6F83A /* FavoriteAnimalView.xib */; };
		62F212572B582DE400DC7968 /* FilterCategoryTitleView.swift in Sources */ = {isa = PBXBuildFile; fileRef = 62F212562B582DE400DC7968 /* FilterCategoryTitleView.swift */; };
		62F212592B582DF500DC7968 /* FilterCategoryTitleView.xib in Resources */ = {isa = PBXBuildFile; fileRef = 62F212582B582DF500DC7968 /* FilterCategoryTitleView.xib */; };
		62F2125C2B5837B800DC7968 /* AnimalDetailCoordinator.swift in Sources */ = {isa = PBXBuildFile; fileRef = 62F2125B2B5837B800DC7968 /* AnimalDetailCoordinator.swift */; };
		62F2125E2B583C0D00DC7968 /* AnimalDetailViewModel.swift in Sources */ = {isa = PBXBuildFile; fileRef = 62F2125D2B583C0D00DC7968 /* AnimalDetailViewModel.swift */; };
		62F5950A2B5E9B4100B9D745 /* PhotoPreviewViewController.swift in Sources */ = {isa = PBXBuildFile; fileRef = 62F595082B5E9B4100B9D745 /* PhotoPreviewViewController.swift */; };
		62F5950B2B5E9B4100B9D745 /* PhotoPreviewViewController.xib in Resources */ = {isa = PBXBuildFile; fileRef = 62F595092B5E9B4100B9D745 /* PhotoPreviewViewController.xib */; };
		9E31074492139B38ECCFDA89 /* Pods_Brands_Are_Live_Test.framework in Frameworks */ = {isa = PBXBuildFile; fileRef = 28F606B526A82429E6F2C8F6 /* Pods_Brands_Are_Live_Test.framework */; };
/* End PBXBuildFile section */

/* Begin PBXFileReference section */
		28F606B526A82429E6F2C8F6 /* Pods_Brands_Are_Live_Test.framework */ = {isa = PBXFileReference; explicitFileType = wrapper.framework; includeInIndex = 0; path = Pods_Brands_Are_Live_Test.framework; sourceTree = BUILT_PRODUCTS_DIR; };
		620CA4F52B5810E700D31CE6 /* Animals.xcdatamodel */ = {isa = PBXFileReference; lastKnownFileType = wrapper.xcdatamodel; path = Animals.xcdatamodel; sourceTree = "<group>"; };
		62390CD22B5EB3D300E1DA3C /* PhotosPreviewViewModel.swift */ = {isa = PBXFileReference; lastKnownFileType = sourcecode.swift; path = PhotosPreviewViewModel.swift; sourceTree = "<group>"; };
		62390CDB2B5EBDBE00E1DA3C /* PhotoPreviewCoordinator.swift */ = {isa = PBXFileReference; lastKnownFileType = sourcecode.swift; path = PhotoPreviewCoordinator.swift; sourceTree = "<group>"; };
		624453EB2B5BAE0C0084F067 /* BaseViewController.swift */ = {isa = PBXFileReference; lastKnownFileType = sourcecode.swift; path = BaseViewController.swift; sourceTree = "<group>"; };
		624453ED2B5BAEED0084F067 /* NoInternetViewController.swift */ = {isa = PBXFileReference; lastKnownFileType = sourcecode.swift; path = NoInternetViewController.swift; sourceTree = "<group>"; };
		624453EE2B5BAEED0084F067 /* NoInternetViewController.xib */ = {isa = PBXFileReference; lastKnownFileType = file.xib; path = NoInternetViewController.xib; sourceTree = "<group>"; };
		624453F32B5BC5970084F067 /* FavoriteAnimalDataModel.swift */ = {isa = PBXFileReference; lastKnownFileType = sourcecode.swift; path = FavoriteAnimalDataModel.swift; sourceTree = "<group>"; };
		624453F52B5BEDD10084F067 /* FavoriteAnimalCoreDataClass.swift */ = {isa = PBXFileReference; lastKnownFileType = sourcecode.swift; path = FavoriteAnimalCoreDataClass.swift; sourceTree = "<group>"; };
		625EE5B72B58094A00D0BE3C /* CharacteristicAnimalView.swift */ = {isa = PBXFileReference; lastKnownFileType = sourcecode.swift; path = CharacteristicAnimalView.swift; sourceTree = "<group>"; };
		625EE5B92B58095800D0BE3C /* CharacteristicAnimalView.xib */ = {isa = PBXFileReference; lastKnownFileType = file.xib; path = CharacteristicAnimalView.xib; sourceTree = "<group>"; };
		628112212B569F2800BBECC4 /* Brands Are Live-Test.app */ = {isa = PBXFileReference; explicitFileType = wrapper.application; includeInIndex = 0; path = "Brands Are Live-Test.app"; sourceTree = BUILT_PRODUCTS_DIR; };
		628112242B569F2800BBECC4 /* AppDelegate.swift */ = {isa = PBXFileReference; lastKnownFileType = sourcecode.swift; path = AppDelegate.swift; sourceTree = "<group>"; };
		6281122D2B569F2A00BBECC4 /* Assets.xcassets */ = {isa = PBXFileReference; lastKnownFileType = folder.assetcatalog; path = Assets.xcassets; sourceTree = "<group>"; };
		628112302B569F2A00BBECC4 /* Base */ = {isa = PBXFileReference; lastKnownFileType = file.storyboard; name = Base; path = Base.lproj/LaunchScreen.storyboard; sourceTree = "<group>"; };
		628112322B569F2A00BBECC4 /* Info.plist */ = {isa = PBXFileReference; lastKnownFileType = text.plist.xml; path = Info.plist; sourceTree = "<group>"; };
		6281123A2B56A4C500BBECC4 /* AnimalDiscoveryCoordinator.swift */ = {isa = PBXFileReference; lastKnownFileType = sourcecode.swift; path = AnimalDiscoveryCoordinator.swift; sourceTree = "<group>"; };
		628112422B56A52D00BBECC4 /* Roboto-LightItalic.ttf */ = {isa = PBXFileReference; lastKnownFileType = file; path = "Roboto-LightItalic.ttf"; sourceTree = "<group>"; };
		628112432B56A52D00BBECC4 /* Roboto-Bold.ttf */ = {isa = PBXFileReference; lastKnownFileType = file; path = "Roboto-Bold.ttf"; sourceTree = "<group>"; };
		628112442B56A52D00BBECC4 /* Roboto-BlackItalic.ttf */ = {isa = PBXFileReference; lastKnownFileType = file; path = "Roboto-BlackItalic.ttf"; sourceTree = "<group>"; };
		628112452B56A52D00BBECC4 /* Roboto-Medium.ttf */ = {isa = PBXFileReference; lastKnownFileType = file; path = "Roboto-Medium.ttf"; sourceTree = "<group>"; };
		628112462B56A52D00BBECC4 /* Roboto-BoldItalic.ttf */ = {isa = PBXFileReference; lastKnownFileType = file; path = "Roboto-BoldItalic.ttf"; sourceTree = "<group>"; };
		628112472B56A52D00BBECC4 /* Roboto-ThinItalic.ttf */ = {isa = PBXFileReference; lastKnownFileType = file; path = "Roboto-ThinItalic.ttf"; sourceTree = "<group>"; };
		628112482B56A52D00BBECC4 /* Roboto-MediumItalic.ttf */ = {isa = PBXFileReference; lastKnownFileType = file; path = "Roboto-MediumItalic.ttf"; sourceTree = "<group>"; };
		628112492B56A52D00BBECC4 /* Roboto-Italic.ttf */ = {isa = PBXFileReference; lastKnownFileType = file; path = "Roboto-Italic.ttf"; sourceTree = "<group>"; };
		6281124A2B56A52D00BBECC4 /* Roboto-Light.ttf */ = {isa = PBXFileReference; lastKnownFileType = file; path = "Roboto-Light.ttf"; sourceTree = "<group>"; };
		6281124B2B56A52D00BBECC4 /* Roboto-Black.ttf */ = {isa = PBXFileReference; lastKnownFileType = file; path = "Roboto-Black.ttf"; sourceTree = "<group>"; };
		6281124C2B56A52D00BBECC4 /* Roboto-Regular.ttf */ = {isa = PBXFileReference; lastKnownFileType = file; path = "Roboto-Regular.ttf"; sourceTree = "<group>"; };
		6281124D2B56A52D00BBECC4 /* Roboto-Thin.ttf */ = {isa = PBXFileReference; lastKnownFileType = file; path = "Roboto-Thin.ttf"; sourceTree = "<group>"; };
		6281125A2B56A8D400BBECC4 /* Constant.swift */ = {isa = PBXFileReference; lastKnownFileType = sourcecode.swift; path = Constant.swift; sourceTree = "<group>"; };
		6281125C2B56AA8F00BBECC4 /* HttpClient.swift */ = {isa = PBXFileReference; lastKnownFileType = sourcecode.swift; path = HttpClient.swift; sourceTree = "<group>"; };
		628FC8722B56FE39002584AE /* HomeDiscoveryViewModels.swift */ = {isa = PBXFileReference; lastKnownFileType = sourcecode.swift; path = HomeDiscoveryViewModels.swift; sourceTree = "<group>"; };
		628FC8772B57145D002584AE /* AnimalDetailsViewController.swift */ = {isa = PBXFileReference; lastKnownFileType = sourcecode.swift; path = AnimalDetailsViewController.swift; sourceTree = "<group>"; };
		628FC8782B57145D002584AE /* AnimalDetailsViewController.xib */ = {isa = PBXFileReference; lastKnownFileType = file.xib; path = AnimalDetailsViewController.xib; sourceTree = "<group>"; };
		62C51F1E2B58CE710022D7B9 /* ImagePhotoGalleryCell.swift */ = {isa = PBXFileReference; lastKnownFileType = sourcecode.swift; path = ImagePhotoGalleryCell.swift; sourceTree = "<group>"; };
		62C51F1F2B58CE710022D7B9 /* ImagePhotoGalleryCell.xib */ = {isa = PBXFileReference; lastKnownFileType = file.xib; path = ImagePhotoGalleryCell.xib; sourceTree = "<group>"; };
		62E9DFB22B56B69900F6F83A /* Object+Ext.swift */ = {isa = PBXFileReference; lastKnownFileType = sourcecode.swift; path = "Object+Ext.swift"; sourceTree = "<group>"; };
		62E9DFB42B56B6BF00F6F83A /* AnimalDiscoveryRepository.swift */ = {isa = PBXFileReference; lastKnownFileType = sourcecode.swift; path = AnimalDiscoveryRepository.swift; sourceTree = "<group>"; };
		62E9DFB62B56B9AE00F6F83A /* AnimalDetailModels.swift */ = {isa = PBXFileReference; lastKnownFileType = sourcecode.swift; path = AnimalDetailModels.swift; sourceTree = "<group>"; };
		62E9DFB82B56C1EF00F6F83A /* AnimalPhotosModels.swift */ = {isa = PBXFileReference; lastKnownFileType = sourcecode.swift; path = AnimalPhotosModels.swift; sourceTree = "<group>"; };
		62E9DFBA2B56C8E000F6F83A /* HomeDiscoveryViewController.swift */ = {isa = PBXFileReference; lastKnownFileType = sourcecode.swift; path = HomeDiscoveryViewController.swift; sourceTree = "<group>"; };
		62E9DFBB2B56C8E000F6F83A /* HomeDiscoveryViewController.xib */ = {isa = PBXFileReference; lastKnownFileType = file.xib; path = HomeDiscoveryViewController.xib; sourceTree = "<group>"; };
		62E9DFC12B56D46C00F6F83A /* AnimalImageCollectionViewCell.swift */ = {isa = PBXFileReference; lastKnownFileType = sourcecode.swift; path = AnimalImageCollectionViewCell.swift; sourceTree = "<group>"; };
		62E9DFC22B56D46C00F6F83A /* AnimalImageCollectionViewCell.xib */ = {isa = PBXFileReference; lastKnownFileType = file.xib; path = AnimalImageCollectionViewCell.xib; sourceTree = "<group>"; };
		62E9DFC52B56D76F00F6F83A /* UIKit+Ext.swift */ = {isa = PBXFileReference; lastKnownFileType = sourcecode.swift; path = "UIKit+Ext.swift"; sourceTree = "<group>"; };
		62E9DFC92B56F4BA00F6F83A /* FavoriteAnimalView.swift */ = {isa = PBXFileReference; lastKnownFileType = sourcecode.swift; path = FavoriteAnimalView.swift; sourceTree = "<group>"; };
		62E9DFCB2B56F4C200F6F83A /* FavoriteAnimalView.xib */ = {isa = PBXFileReference; lastKnownFileType = file.xib; path = FavoriteAnimalView.xib; sourceTree = "<group>"; };
		62F212562B582DE400DC7968 /* FilterCategoryTitleView.swift */ = {isa = PBXFileReference; lastKnownFileType = sourcecode.swift; path = FilterCategoryTitleView.swift; sourceTree = "<group>"; };
		62F212582B582DF500DC7968 /* FilterCategoryTitleView.xib */ = {isa = PBXFileReference; lastKnownFileType = file.xib; path = FilterCategoryTitleView.xib; sourceTree = "<group>"; };
		62F2125B2B5837B800DC7968 /* AnimalDetailCoordinator.swift */ = {isa = PBXFileReference; lastKnownFileType = sourcecode.swift; path = AnimalDetailCoordinator.swift; sourceTree = "<group>"; };
		62F2125D2B583C0D00DC7968 /* AnimalDetailViewModel.swift */ = {isa = PBXFileReference; lastKnownFileType = sourcecode.swift; path = AnimalDetailViewModel.swift; sourceTree = "<group>"; };
		62F595082B5E9B4100B9D745 /* PhotoPreviewViewController.swift */ = {isa = PBXFileReference; lastKnownFileType = sourcecode.swift; path = PhotoPreviewViewController.swift; sourceTree = "<group>"; };
		62F595092B5E9B4100B9D745 /* PhotoPreviewViewController.xib */ = {isa = PBXFileReference; lastKnownFileType = file.xib; path = PhotoPreviewViewController.xib; sourceTree = "<group>"; };
		8A9ED5617B8E30EC0E70E6A2 /* Pods-Brands Are Live-Test.release.xcconfig */ = {isa = PBXFileReference; includeInIndex = 1; lastKnownFileType = text.xcconfig; name = "Pods-Brands Are Live-Test.release.xcconfig"; path = "Target Support Files/Pods-Brands Are Live-Test/Pods-Brands Are Live-Test.release.xcconfig"; sourceTree = "<group>"; };
		CACCCFF365439BCCB5182FA1 /* Pods-Brands Are Live-Test.debug.xcconfig */ = {isa = PBXFileReference; includeInIndex = 1; lastKnownFileType = text.xcconfig; name = "Pods-Brands Are Live-Test.debug.xcconfig"; path = "Target Support Files/Pods-Brands Are Live-Test/Pods-Brands Are Live-Test.debug.xcconfig"; sourceTree = "<group>"; };
/* End PBXFileReference section */

/* Begin PBXFrameworksBuildPhase section */
		6281121E2B569F2800BBECC4 /* Frameworks */ = {
			isa = PBXFrameworksBuildPhase;
			buildActionMask = 2147483647;
			files = (
				9E31074492139B38ECCFDA89 /* Pods_Brands_Are_Live_Test.framework in Frameworks */,
			);
			runOnlyForDeploymentPostprocessing = 0;
		};
/* End PBXFrameworksBuildPhase section */

/* Begin PBXGroup section */
		4AF2FF74E50FD6D17C374221 /* Pods */ = {
			isa = PBXGroup;
			children = (
				CACCCFF365439BCCB5182FA1 /* Pods-Brands Are Live-Test.debug.xcconfig */,
				8A9ED5617B8E30EC0E70E6A2 /* Pods-Brands Are Live-Test.release.xcconfig */,
			);
			path = Pods;
			sourceTree = "<group>";
		};
		620CA4F32B5810CD00D31CE6 /* CoreData */ = {
			isa = PBXGroup;
			children = (
				620CA4F42B5810E700D31CE6 /* animals.xcdatamodeld */,
				624453F52B5BEDD10084F067 /* FavoriteAnimalCoreDataClass.swift */,
			);
			path = CoreData;
			sourceTree = "<group>";
		};
		62390CD42B5EB8A900E1DA3C /* Photo Preview */ = {
			isa = PBXGroup;
			children = (
				62F595082B5E9B4100B9D745 /* PhotoPreviewViewController.swift */,
			);
			path = "Photo Preview";
			sourceTree = "<group>";
		};
		62390CD52B5EB8B400E1DA3C /* Photo Preview */ = {
			isa = PBXGroup;
			children = (
				62390CD22B5EB3D300E1DA3C /* PhotosPreviewViewModel.swift */,
			);
			path = "Photo Preview";
			sourceTree = "<group>";
		};
		62390CD62B5EB8C100E1DA3C /* Photo Preview */ = {
			isa = PBXGroup;
			children = (
				62F595092B5E9B4100B9D745 /* PhotoPreviewViewController.xib */,
			);
			path = "Photo Preview";
			sourceTree = "<group>";
		};
		625EE5B62B58091800D0BE3C /* Cell */ = {
			isa = PBXGroup;
			children = (
				62E9DFC12B56D46C00F6F83A /* AnimalImageCollectionViewCell.swift */,
				625EE5B72B58094A00D0BE3C /* CharacteristicAnimalView.swift */,
				62E9DFC92B56F4BA00F6F83A /* FavoriteAnimalView.swift */,
				62F212562B582DE400DC7968 /* FilterCategoryTitleView.swift */,
				62C51F1E2B58CE710022D7B9 /* ImagePhotoGalleryCell.swift */,
			);
			path = Cell;
			sourceTree = "<group>";
		};
		628112182B569F2800BBECC4 = {
			isa = PBXGroup;
			children = (
				628112232B569F2800BBECC4 /* Brands Are Live-Test */,
				628112222B569F2800BBECC4 /* Products */,
				4AF2FF74E50FD6D17C374221 /* Pods */,
				E4FDC6F5AE79B1B6ADB7571D /* Frameworks */,
			);
			sourceTree = "<group>";
		};
		628112222B569F2800BBECC4 /* Products */ = {
			isa = PBXGroup;
			children = (
				628112212B569F2800BBECC4 /* Brands Are Live-Test.app */,
			);
			name = Products;
			sourceTree = "<group>";
		};
		628112232B569F2800BBECC4 /* Brands Are Live-Test */ = {
			isa = PBXGroup;
			children = (
				628112382B56A3E200BBECC4 /* Config */,
				628112392B56A4B800BBECC4 /* Coordinator */,
				6281123C2B56A4D500BBECC4 /* Networking */,
				6281123D2B56A4DD00BBECC4 /* Utils */,
				628112402B56A4F600BBECC4 /* ViewControllers */,
				6281123E2B56A4E700BBECC4 /* ViewModels */,
				6281123F2B56A4EF00BBECC4 /* Views */,
			);
			path = "Brands Are Live-Test";
			sourceTree = "<group>";
		};
		628112382B56A3E200BBECC4 /* Config */ = {
			isa = PBXGroup;
			children = (
				628112412B56A51700BBECC4 /* Fonts */,
				628112242B569F2800BBECC4 /* AppDelegate.swift */,
				6281122D2B569F2A00BBECC4 /* Assets.xcassets */,
				6281122F2B569F2A00BBECC4 /* LaunchScreen.storyboard */,
				628112322B569F2A00BBECC4 /* Info.plist */,
			);
			path = Config;
			sourceTree = "<group>";
		};
		628112392B56A4B800BBECC4 /* Coordinator */ = {
			isa = PBXGroup;
			children = (
				62F2125B2B5837B800DC7968 /* AnimalDetailCoordinator.swift */,
				6281123A2B56A4C500BBECC4 /* AnimalDiscoveryCoordinator.swift */,
				62390CDB2B5EBDBE00E1DA3C /* PhotoPreviewCoordinator.swift */,
			);
			path = Coordinator;
			sourceTree = "<group>";
		};
		6281123C2B56A4D500BBECC4 /* Networking */ = {
			isa = PBXGroup;
			children = (
				620CA4F32B5810CD00D31CE6 /* CoreData */,
				6281125F2B56AA9F00BBECC4 /* Repository */,
				6281125E2B56AA9B00BBECC4 /* Models */,
				6281125A2B56A8D400BBECC4 /* Constant.swift */,
				6281125C2B56AA8F00BBECC4 /* HttpClient.swift */,
			);
			path = Networking;
			sourceTree = "<group>";
		};
		6281123D2B56A4DD00BBECC4 /* Utils */ = {
			isa = PBXGroup;
			children = (
				62E9DFB22B56B69900F6F83A /* Object+Ext.swift */,
				62E9DFC52B56D76F00F6F83A /* UIKit+Ext.swift */,
			);
			path = Utils;
			sourceTree = "<group>";
		};
		6281123E2B56A4E700BBECC4 /* ViewModels */ = {
			isa = PBXGroup;
			children = (
				62390CD52B5EB8B400E1DA3C /* Photo Preview */,
				628FC8722B56FE39002584AE /* HomeDiscoveryViewModels.swift */,
				62F2125D2B583C0D00DC7968 /* AnimalDetailViewModel.swift */,
			);
			path = ViewModels;
			sourceTree = "<group>";
		};
		6281123F2B56A4EF00BBECC4 /* Views */ = {
			isa = PBXGroup;
			children = (
				62390CD62B5EB8C100E1DA3C /* Photo Preview */,
				628FC8782B57145D002584AE /* AnimalDetailsViewController.xib */,
				62E9DFBB2B56C8E000F6F83A /* HomeDiscoveryViewController.xib */,
				624453EE2B5BAEED0084F067 /* NoInternetViewController.xib */,
				62E9DFBF2B56D43800F6F83A /* Cell */,
			);
			path = Views;
			sourceTree = "<group>";
		};
		628112402B56A4F600BBECC4 /* ViewControllers */ = {
			isa = PBXGroup;
			children = (
				62390CD42B5EB8A900E1DA3C /* Photo Preview */,
				628FC8772B57145D002584AE /* AnimalDetailsViewController.swift */,
				624453EB2B5BAE0C0084F067 /* BaseViewController.swift */,
				62E9DFBA2B56C8E000F6F83A /* HomeDiscoveryViewController.swift */,
				624453ED2B5BAEED0084F067 /* NoInternetViewController.swift */,
				625EE5B62B58091800D0BE3C /* Cell */,
			);
			path = ViewControllers;
			sourceTree = "<group>";
		};
		628112412B56A51700BBECC4 /* Fonts */ = {
			isa = PBXGroup;
			children = (
				6281124B2B56A52D00BBECC4 /* Roboto-Black.ttf */,
				628112442B56A52D00BBECC4 /* Roboto-BlackItalic.ttf */,
				628112432B56A52D00BBECC4 /* Roboto-Bold.ttf */,
				628112462B56A52D00BBECC4 /* Roboto-BoldItalic.ttf */,
				628112492B56A52D00BBECC4 /* Roboto-Italic.ttf */,
				6281124A2B56A52D00BBECC4 /* Roboto-Light.ttf */,
				628112422B56A52D00BBECC4 /* Roboto-LightItalic.ttf */,
				628112452B56A52D00BBECC4 /* Roboto-Medium.ttf */,
				628112482B56A52D00BBECC4 /* Roboto-MediumItalic.ttf */,
				6281124C2B56A52D00BBECC4 /* Roboto-Regular.ttf */,
				6281124D2B56A52D00BBECC4 /* Roboto-Thin.ttf */,
				628112472B56A52D00BBECC4 /* Roboto-ThinItalic.ttf */,
			);
			path = Fonts;
			sourceTree = "<group>";
		};
		6281125E2B56AA9B00BBECC4 /* Models */ = {
			isa = PBXGroup;
			children = (
				62E9DFB62B56B9AE00F6F83A /* AnimalDetailModels.swift */,
				62E9DFB82B56C1EF00F6F83A /* AnimalPhotosModels.swift */,
				624453F32B5BC5970084F067 /* FavoriteAnimalDataModel.swift */,
			);
			path = Models;
			sourceTree = "<group>";
		};
		6281125F2B56AA9F00BBECC4 /* Repository */ = {
			isa = PBXGroup;
			children = (
				62E9DFB42B56B6BF00F6F83A /* AnimalDiscoveryRepository.swift */,
			);
			path = Repository;
			sourceTree = "<group>";
		};
		62E9DFBF2B56D43800F6F83A /* Cell */ = {
			isa = PBXGroup;
			children = (
				62E9DFC02B56D43F00F6F83A /* Component */,
			);
			path = Cell;
			sourceTree = "<group>";
		};
		62E9DFC02B56D43F00F6F83A /* Component */ = {
			isa = PBXGroup;
			children = (
				62E9DFC22B56D46C00F6F83A /* AnimalImageCollectionViewCell.xib */,
				625EE5B92B58095800D0BE3C /* CharacteristicAnimalView.xib */,
				62E9DFCB2B56F4C200F6F83A /* FavoriteAnimalView.xib */,
				62F212582B582DF500DC7968 /* FilterCategoryTitleView.xib */,
				62C51F1F2B58CE710022D7B9 /* ImagePhotoGalleryCell.xib */,
			);
			path = Component;
			sourceTree = "<group>";
		};
		E4FDC6F5AE79B1B6ADB7571D /* Frameworks */ = {
			isa = PBXGroup;
			children = (
				28F606B526A82429E6F2C8F6 /* Pods_Brands_Are_Live_Test.framework */,
			);
			name = Frameworks;
			sourceTree = "<group>";
		};
/* End PBXGroup section */

/* Begin PBXNativeTarget section */
		628112202B569F2800BBECC4 /* Brands Are Live-Test */ = {
			isa = PBXNativeTarget;
			buildConfigurationList = 628112352B569F2A00BBECC4 /* Build configuration list for PBXNativeTarget "Brands Are Live-Test" */;
			buildPhases = (
				5B56F371EC2590BBBA9504E0 /* [CP] Check Pods Manifest.lock */,
				6281121D2B569F2800BBECC4 /* Sources */,
				6281121E2B569F2800BBECC4 /* Frameworks */,
				6281121F2B569F2800BBECC4 /* Resources */,
				33FF0B8D3B36712D14D7D55A /* [CP] Embed Pods Frameworks */,
			);
			buildRules = (
			);
			dependencies = (
			);
			name = "Brands Are Live-Test";
			productName = "Brands Are Live-Test";
			productReference = 628112212B569F2800BBECC4 /* Brands Are Live-Test.app */;
			productType = "com.apple.product-type.application";
		};
/* End PBXNativeTarget section */

/* Begin PBXProject section */
		628112192B569F2800BBECC4 /* Project object */ = {
			isa = PBXProject;
			attributes = {
				BuildIndependentTargetsInParallel = 1;
				LastSwiftUpdateCheck = 1500;
				LastUpgradeCheck = 1500;
				TargetAttributes = {
					628112202B569F2800BBECC4 = {
						CreatedOnToolsVersion = 15.0;
					};
				};
			};
			buildConfigurationList = 6281121C2B569F2800BBECC4 /* Build configuration list for PBXProject "Brands Are Live-Test" */;
			compatibilityVersion = "Xcode 14.0";
			developmentRegion = en;
			hasScannedForEncodings = 0;
			knownRegions = (
				en,
				Base,
			);
			mainGroup = 628112182B569F2800BBECC4;
			productRefGroup = 628112222B569F2800BBECC4 /* Products */;
			projectDirPath = "";
			projectRoot = "";
			targets = (
				628112202B569F2800BBECC4 /* Brands Are Live-Test */,
			);
		};
/* End PBXProject section */

/* Begin PBXResourcesBuildPhase section */
		6281121F2B569F2800BBECC4 /* Resources */ = {
			isa = PBXResourcesBuildPhase;
			buildActionMask = 2147483647;
			files = (
				62C51F212B58CE710022D7B9 /* ImagePhotoGalleryCell.xib in Resources */,
				62E9DFBD2B56C8E000F6F83A /* HomeDiscoveryViewController.xib in Resources */,
				62F5950B2B5E9B4100B9D745 /* PhotoPreviewViewController.xib in Resources */,
				628FC87A2B57145D002584AE /* AnimalDetailsViewController.xib in Resources */,
				62E9DFCC2B56F4C200F6F83A /* FavoriteAnimalView.xib in Resources */,
				628112592B56A52D00BBECC4 /* Roboto-Thin.ttf in Resources */,
				625EE5BA2B58095800D0BE3C /* CharacteristicAnimalView.xib in Resources */,
				62F212592B582DF500DC7968 /* FilterCategoryTitleView.xib in Resources */,
				628112312B569F2A00BBECC4 /* LaunchScreen.storyboard in Resources */,
				6281122E2B569F2A00BBECC4 /* Assets.xcassets in Resources */,
				628112512B56A52D00BBECC4 /* Roboto-Medium.ttf in Resources */,
				628112562B56A52D00BBECC4 /* Roboto-Light.ttf in Resources */,
				628112502B56A52D00BBECC4 /* Roboto-BlackItalic.ttf in Resources */,
				628112532B56A52D00BBECC4 /* Roboto-ThinItalic.ttf in Resources */,
				6281124F2B56A52D00BBECC4 /* Roboto-Bold.ttf in Resources */,
				628112522B56A52D00BBECC4 /* Roboto-BoldItalic.ttf in Resources */,
				62E9DFC42B56D46C00F6F83A /* AnimalImageCollectionViewCell.xib in Resources */,
				628112552B56A52D00BBECC4 /* Roboto-Italic.ttf in Resources */,
				628112542B56A52D00BBECC4 /* Roboto-MediumItalic.ttf in Resources */,
				628112582B56A52D00BBECC4 /* Roboto-Regular.ttf in Resources */,
				6281124E2B56A52D00BBECC4 /* Roboto-LightItalic.ttf in Resources */,
				624453F02B5BAEED0084F067 /* NoInternetViewController.xib in Resources */,
				628112572B56A52D00BBECC4 /* Roboto-Black.ttf in Resources */,
			);
			runOnlyForDeploymentPostprocessing = 0;
		};
/* End PBXResourcesBuildPhase section */

/* Begin PBXShellScriptBuildPhase section */
		33FF0B8D3B36712D14D7D55A /* [CP] Embed Pods Frameworks */ = {
			isa = PBXShellScriptBuildPhase;
			buildActionMask = 2147483647;
			files = (
			);
			inputFileListPaths = (
				"${PODS_ROOT}/Target Support Files/Pods-Brands Are Live-Test/Pods-Brands Are Live-Test-frameworks-${CONFIGURATION}-input-files.xcfilelist",
			);
			name = "[CP] Embed Pods Frameworks";
			outputFileListPaths = (
				"${PODS_ROOT}/Target Support Files/Pods-Brands Are Live-Test/Pods-Brands Are Live-Test-frameworks-${CONFIGURATION}-output-files.xcfilelist",
			);
			runOnlyForDeploymentPostprocessing = 0;
			shellPath = /bin/sh;
			shellScript = "\"${PODS_ROOT}/Target Support Files/Pods-Brands Are Live-Test/Pods-Brands Are Live-Test-frameworks.sh\"\n";
			showEnvVarsInLog = 0;
		};
		5B56F371EC2590BBBA9504E0 /* [CP] Check Pods Manifest.lock */ = {
			isa = PBXShellScriptBuildPhase;
			buildActionMask = 2147483647;
			files = (
			);
			inputFileListPaths = (
			);
			inputPaths = (
				"${PODS_PODFILE_DIR_PATH}/Podfile.lock",
				"${PODS_ROOT}/Manifest.lock",
			);
			name = "[CP] Check Pods Manifest.lock";
			outputFileListPaths = (
			);
			outputPaths = (
				"$(DERIVED_FILE_DIR)/Pods-Brands Are Live-Test-checkManifestLockResult.txt",
			);
			runOnlyForDeploymentPostprocessing = 0;
			shellPath = /bin/sh;
			shellScript = "diff \"${PODS_PODFILE_DIR_PATH}/Podfile.lock\" \"${PODS_ROOT}/Manifest.lock\" > /dev/null\nif [ $? != 0 ] ; then\n    # print error to STDERR\n    echo \"error: The sandbox is not in sync with the Podfile.lock. Run 'pod install' or update your CocoaPods installation.\" >&2\n    exit 1\nfi\n# This output is used by Xcode 'outputs' to avoid re-running this script phase.\necho \"SUCCESS\" > \"${SCRIPT_OUTPUT_FILE_0}\"\n";
			showEnvVarsInLog = 0;
		};
/* End PBXShellScriptBuildPhase section */

/* Begin PBXSourcesBuildPhase section */
		6281121D2B569F2800BBECC4 /* Sources */ = {
			isa = PBXSourcesBuildPhase;
			buildActionMask = 2147483647;
			files = (
				624453F42B5BC5970084F067 /* FavoriteAnimalDataModel.swift in Sources */,
				62F2125C2B5837B800DC7968 /* AnimalDetailCoordinator.swift in Sources */,
				62E9DFCA2B56F4BA00F6F83A /* FavoriteAnimalView.swift in Sources */,
				62390CDC2B5EBDBE00E1DA3C /* PhotoPreviewCoordinator.swift in Sources */,
				625EE5B82B58094A00D0BE3C /* CharacteristicAnimalView.swift in Sources */,
				62E9DFC62B56D76F00F6F83A /* UIKit+Ext.swift in Sources */,
				620CA4F62B5810E700D31CE6 /* animals.xcdatamodeld in Sources */,
				62C51F202B58CE710022D7B9 /* ImagePhotoGalleryCell.swift in Sources */,
				62E9DFB32B56B69900F6F83A /* Object+Ext.swift in Sources */,
				624453EF2B5BAEED0084F067 /* NoInternetViewController.swift in Sources */,
				62F212572B582DE400DC7968 /* FilterCategoryTitleView.swift in Sources */,
				624453F62B5BEDD10084F067 /* FavoriteAnimalCoreDataClass.swift in Sources */,
				62E9DFBC2B56C8E000F6F83A /* HomeDiscoveryViewController.swift in Sources */,
				6281123B2B56A4C500BBECC4 /* AnimalDiscoveryCoordinator.swift in Sources */,
				62E9DFB52B56B6BF00F6F83A /* AnimalDiscoveryRepository.swift in Sources */,
				62E9DFC32B56D46C00F6F83A /* AnimalImageCollectionViewCell.swift in Sources */,
				628FC8792B57145D002584AE /* AnimalDetailsViewController.swift in Sources */,
				624453EC2B5BAE0C0084F067 /* BaseViewController.swift in Sources */,
				62E9DFB72B56B9AE00F6F83A /* AnimalDetailModels.swift in Sources */,
				628112252B569F2800BBECC4 /* AppDelegate.swift in Sources */,
				6281125D2B56AA8F00BBECC4 /* HttpClient.swift in Sources */,
				62F2125E2B583C0D00DC7968 /* AnimalDetailViewModel.swift in Sources */,
				62F5950A2B5E9B4100B9D745 /* PhotoPreviewViewController.swift in Sources */,
				62E9DFB92B56C1EF00F6F83A /* AnimalPhotosModels.swift in Sources */,
				6281125B2B56A8D400BBECC4 /* Constant.swift in Sources */,
				62390CD32B5EB3D300E1DA3C /* PhotosPreviewViewModel.swift in Sources */,
				628FC8732B56FE39002584AE /* HomeDiscoveryViewModels.swift in Sources */,
			);
			runOnlyForDeploymentPostprocessing = 0;
		};
/* End PBXSourcesBuildPhase section */

/* Begin PBXVariantGroup section */
		6281122F2B569F2A00BBECC4 /* LaunchScreen.storyboard */ = {
			isa = PBXVariantGroup;
			children = (
				628112302B569F2A00BBECC4 /* Base */,
			);
			name = LaunchScreen.storyboard;
			sourceTree = "<group>";
		};
/* End PBXVariantGroup section */

/* Begin XCBuildConfiguration section */
		628112332B569F2A00BBECC4 /* Debug */ = {
			isa = XCBuildConfiguration;
			buildSettings = {
				ALWAYS_SEARCH_USER_PATHS = NO;
				ASSETCATALOG_COMPILER_GENERATE_SWIFT_ASSET_SYMBOL_EXTENSIONS = YES;
				CLANG_ANALYZER_NONNULL = YES;
				CLANG_ANALYZER_NUMBER_OBJECT_CONVERSION = YES_AGGRESSIVE;
				CLANG_CXX_LANGUAGE_STANDARD = "gnu++20";
				CLANG_ENABLE_MODULES = YES;
				CLANG_ENABLE_OBJC_ARC = YES;
				CLANG_ENABLE_OBJC_WEAK = YES;
				CLANG_WARN_BLOCK_CAPTURE_AUTORELEASING = YES;
				CLANG_WARN_BOOL_CONVERSION = YES;
				CLANG_WARN_COMMA = YES;
				CLANG_WARN_CONSTANT_CONVERSION = YES;
				CLANG_WARN_DEPRECATED_OBJC_IMPLEMENTATIONS = YES;
				CLANG_WARN_DIRECT_OBJC_ISA_USAGE = YES_ERROR;
				CLANG_WARN_DOCUMENTATION_COMMENTS = YES;
				CLANG_WARN_EMPTY_BODY = YES;
				CLANG_WARN_ENUM_CONVERSION = YES;
				CLANG_WARN_INFINITE_RECURSION = YES;
				CLANG_WARN_INT_CONVERSION = YES;
				CLANG_WARN_NON_LITERAL_NULL_CONVERSION = YES;
				CLANG_WARN_OBJC_IMPLICIT_RETAIN_SELF = YES;
				CLANG_WARN_OBJC_LITERAL_CONVERSION = YES;
				CLANG_WARN_OBJC_ROOT_CLASS = YES_ERROR;
				CLANG_WARN_QUOTED_INCLUDE_IN_FRAMEWORK_HEADER = YES;
				CLANG_WARN_RANGE_LOOP_ANALYSIS = YES;
				CLANG_WARN_STRICT_PROTOTYPES = YES;
				CLANG_WARN_SUSPICIOUS_MOVE = YES;
				CLANG_WARN_UNGUARDED_AVAILABILITY = YES_AGGRESSIVE;
				CLANG_WARN_UNREACHABLE_CODE = YES;
				CLANG_WARN__DUPLICATE_METHOD_MATCH = YES;
				COPY_PHASE_STRIP = NO;
				DEBUG_INFORMATION_FORMAT = dwarf;
				ENABLE_STRICT_OBJC_MSGSEND = YES;
				ENABLE_TESTABILITY = YES;
				ENABLE_USER_SCRIPT_SANDBOXING = NO;
				GCC_C_LANGUAGE_STANDARD = gnu17;
				GCC_DYNAMIC_NO_PIC = NO;
				GCC_NO_COMMON_BLOCKS = YES;
				GCC_OPTIMIZATION_LEVEL = 0;
				GCC_PREPROCESSOR_DEFINITIONS = (
					"DEBUG=1",
					"$(inherited)",
				);
				GCC_WARN_64_TO_32_BIT_CONVERSION = YES;
				GCC_WARN_ABOUT_RETURN_TYPE = YES_ERROR;
				GCC_WARN_UNDECLARED_SELECTOR = YES;
				GCC_WARN_UNINITIALIZED_AUTOS = YES_AGGRESSIVE;
				GCC_WARN_UNUSED_FUNCTION = YES;
				GCC_WARN_UNUSED_VARIABLE = YES;
				IPHONEOS_DEPLOYMENT_TARGET = 13.0;
				LOCALIZATION_PREFERS_STRING_CATALOGS = YES;
				MTL_ENABLE_DEBUG_INFO = INCLUDE_SOURCE;
				MTL_FAST_MATH = YES;
				ONLY_ACTIVE_ARCH = YES;
				SDKROOT = iphoneos;
				SWIFT_ACTIVE_COMPILATION_CONDITIONS = "DEBUG $(inherited)";
				SWIFT_OPTIMIZATION_LEVEL = "-Onone";
			};
			name = Debug;
		};
		628112342B569F2A00BBECC4 /* Release */ = {
			isa = XCBuildConfiguration;
			buildSettings = {
				ALWAYS_SEARCH_USER_PATHS = NO;
				ASSETCATALOG_COMPILER_GENERATE_SWIFT_ASSET_SYMBOL_EXTENSIONS = YES;
				CLANG_ANALYZER_NONNULL = YES;
				CLANG_ANALYZER_NUMBER_OBJECT_CONVERSION = YES_AGGRESSIVE;
				CLANG_CXX_LANGUAGE_STANDARD = "gnu++20";
				CLANG_ENABLE_MODULES = YES;
				CLANG_ENABLE_OBJC_ARC = YES;
				CLANG_ENABLE_OBJC_WEAK = YES;
				CLANG_WARN_BLOCK_CAPTURE_AUTORELEASING = YES;
				CLANG_WARN_BOOL_CONVERSION = YES;
				CLANG_WARN_COMMA = YES;
				CLANG_WARN_CONSTANT_CONVERSION = YES;
				CLANG_WARN_DEPRECATED_OBJC_IMPLEMENTATIONS = YES;
				CLANG_WARN_DIRECT_OBJC_ISA_USAGE = YES_ERROR;
				CLANG_WARN_DOCUMENTATION_COMMENTS = YES;
				CLANG_WARN_EMPTY_BODY = YES;
				CLANG_WARN_ENUM_CONVERSION = YES;
				CLANG_WARN_INFINITE_RECURSION = YES;
				CLANG_WARN_INT_CONVERSION = YES;
				CLANG_WARN_NON_LITERAL_NULL_CONVERSION = YES;
				CLANG_WARN_OBJC_IMPLICIT_RETAIN_SELF = YES;
				CLANG_WARN_OBJC_LITERAL_CONVERSION = YES;
				CLANG_WARN_OBJC_ROOT_CLASS = YES_ERROR;
				CLANG_WARN_QUOTED_INCLUDE_IN_FRAMEWORK_HEADER = YES;
				CLANG_WARN_RANGE_LOOP_ANALYSIS = YES;
				CLANG_WARN_STRICT_PROTOTYPES = YES;
				CLANG_WARN_SUSPICIOUS_MOVE = YES;
				CLANG_WARN_UNGUARDED_AVAILABILITY = YES_AGGRESSIVE;
				CLANG_WARN_UNREACHABLE_CODE = YES;
				CLANG_WARN__DUPLICATE_METHOD_MATCH = YES;
				COPY_PHASE_STRIP = NO;
				DEBUG_INFORMATION_FORMAT = "dwarf-with-dsym";
				ENABLE_NS_ASSERTIONS = NO;
				ENABLE_STRICT_OBJC_MSGSEND = YES;
				ENABLE_USER_SCRIPT_SANDBOXING = NO;
				GCC_C_LANGUAGE_STANDARD = gnu17;
				GCC_NO_COMMON_BLOCKS = YES;
				GCC_WARN_64_TO_32_BIT_CONVERSION = YES;
				GCC_WARN_ABOUT_RETURN_TYPE = YES_ERROR;
				GCC_WARN_UNDECLARED_SELECTOR = YES;
				GCC_WARN_UNINITIALIZED_AUTOS = YES_AGGRESSIVE;
				GCC_WARN_UNUSED_FUNCTION = YES;
				GCC_WARN_UNUSED_VARIABLE = YES;
				IPHONEOS_DEPLOYMENT_TARGET = 13.0;
				LOCALIZATION_PREFERS_STRING_CATALOGS = YES;
				MTL_ENABLE_DEBUG_INFO = NO;
				MTL_FAST_MATH = YES;
				SDKROOT = iphoneos;
				SWIFT_COMPILATION_MODE = wholemodule;
				VALIDATE_PRODUCT = YES;
			};
			name = Release;
		};
		628112362B569F2A00BBECC4 /* Debug */ = {
			isa = XCBuildConfiguration;
			baseConfigurationReference = CACCCFF365439BCCB5182FA1 /* Pods-Brands Are Live-Test.debug.xcconfig */;
			buildSettings = {
				ASSETCATALOG_COMPILER_APPICON_NAME = AppIcon;
				ASSETCATALOG_COMPILER_GLOBAL_ACCENT_COLOR_NAME = AccentColor;
				CODE_SIGN_STYLE = Automatic;
				CURRENT_PROJECT_VERSION = 1;
				DEVELOPMENT_TEAM = KQKFQEBD4A;
				GENERATE_INFOPLIST_FILE = YES;
				INFOPLIST_FILE = "Brands Are Live-Test/Config/Info.plist";
				INFOPLIST_KEY_UIApplicationSupportsIndirectInputEvents = YES;
				INFOPLIST_KEY_UILaunchStoryboardName = LaunchScreen;
				INFOPLIST_KEY_UIMainStoryboardFile = "";
				INFOPLIST_KEY_UISupportedInterfaceOrientations = UIInterfaceOrientationPortrait;
				INFOPLIST_KEY_UISupportedInterfaceOrientations_iPad = "UIInterfaceOrientationLandscapeLeft UIInterfaceOrientationLandscapeRight UIInterfaceOrientationPortrait";
				IPHONEOS_DEPLOYMENT_TARGET = 13.0;
				LD_RUNPATH_SEARCH_PATHS = (
					"$(inherited)",
					"@executable_path/Frameworks",
				);
				MARKETING_VERSION = 1.0;
				PRODUCT_BUNDLE_IDENTIFIER = "dicky.Brands-Are-Live-Test";
				PRODUCT_NAME = "$(TARGET_NAME)";
				SUPPORTED_PLATFORMS = "iphoneos iphonesimulator";
				SUPPORTS_MACCATALYST = NO;
				SUPPORTS_MAC_DESIGNED_FOR_IPHONE_IPAD = NO;
				SWIFT_EMIT_LOC_STRINGS = YES;
				SWIFT_VERSION = 5.0;
				TARGETED_DEVICE_FAMILY = 1;
			};
			name = Debug;
		};
		628112372B569F2A00BBECC4 /* Release */ = {
			isa = XCBuildConfiguration;
			baseConfigurationReference = 8A9ED5617B8E30EC0E70E6A2 /* Pods-Brands Are Live-Test.release.xcconfig */;
			buildSettings = {
				ASSETCATALOG_COMPILER_APPICON_NAME = AppIcon;
				ASSETCATALOG_COMPILER_GLOBAL_ACCENT_COLOR_NAME = AccentColor;
				CODE_SIGN_STYLE = Automatic;
				CURRENT_PROJECT_VERSION = 1;
				DEVELOPMENT_TEAM = KQKFQEBD4A;
				GENERATE_INFOPLIST_FILE = YES;
				INFOPLIST_FILE = "Brands Are Live-Test/Config/Info.plist";
				INFOPLIST_KEY_UIApplicationSupportsIndirectInputEvents = YES;
				INFOPLIST_KEY_UILaunchStoryboardName = LaunchScreen;
				INFOPLIST_KEY_UIMainStoryboardFile = "";
				INFOPLIST_KEY_UISupportedInterfaceOrientations = UIInterfaceOrientationPortrait;
				INFOPLIST_KEY_UISupportedInterfaceOrientations_iPad = "UIInterfaceOrientationLandscapeLeft UIInterfaceOrientationLandscapeRight UIInterfaceOrientationPortrait";
				IPHONEOS_DEPLOYMENT_TARGET = 13.0;
				LD_RUNPATH_SEARCH_PATHS = (
					"$(inherited)",
					"@executable_path/Frameworks",
				);
				MARKETING_VERSION = 1.0;
				PRODUCT_BUNDLE_IDENTIFIER = "dicky.Brands-Are-Live-Test";
				PRODUCT_NAME = "$(TARGET_NAME)";
				SUPPORTED_PLATFORMS = "iphoneos iphonesimulator";
				SUPPORTS_MACCATALYST = NO;
				SUPPORTS_MAC_DESIGNED_FOR_IPHONE_IPAD = NO;
				SWIFT_EMIT_LOC_STRINGS = YES;
				SWIFT_VERSION = 5.0;
				TARGETED_DEVICE_FAMILY = 1;
			};
			name = Release;
		};
/* End XCBuildConfiguration section */

/* Begin XCConfigurationList section */
		6281121C2B569F2800BBECC4 /* Build configuration list for PBXProject "Brands Are Live-Test" */ = {
			isa = XCConfigurationList;
			buildConfigurations = (
				628112332B569F2A00BBECC4 /* Debug */,
				628112342B569F2A00BBECC4 /* Release */,
			);
			defaultConfigurationIsVisible = 0;
			defaultConfigurationName = Release;
		};
		628112352B569F2A00BBECC4 /* Build configuration list for PBXNativeTarget "Brands Are Live-Test" */ = {
			isa = XCConfigurationList;
			buildConfigurations = (
				628112362B569F2A00BBECC4 /* Debug */,
				628112372B569F2A00BBECC4 /* Release */,
			);
			defaultConfigurationIsVisible = 0;
			defaultConfigurationName = Release;
		};
/* End XCConfigurationList section */

/* Begin XCVersionGroup section */
		620CA4F42B5810E700D31CE6 /* animals.xcdatamodeld */ = {
			isa = XCVersionGroup;
			children = (
				620CA4F52B5810E700D31CE6 /* Animals.xcdatamodel */,
			);
			currentVersion = 620CA4F52B5810E700D31CE6 /* Animals.xcdatamodel */;
			path = animals.xcdatamodeld;
			sourceTree = "<group>";
			versionGroupType = wrapper.xcdatamodel;
		};
/* End XCVersionGroup section */
	};
	rootObject = 628112192B569F2800BBECC4 /* Project object */;
}
